PODS:
  - InputBarAccessoryView (4.3.2):
    - InputBarAccessoryView/Core (= 4.3.2)
  - InputBarAccessoryView/Core (4.3.2)
  - Kingfisher (5.13.4):
    - Kingfisher/Core (= 5.13.4)
  - Kingfisher/Core (5.13.4)
  - MessageKit (3.1.0):
    - InputBarAccessoryView (~> 4.3.0)
  - Starscream (4.0.3)

DEPENDENCIES:
  - Kingfisher
  - MessageKit
  - Starscream

SPEC REPOS:
  trunk:
    - InputBarAccessoryView
    - Kingfisher
    - MessageKit
    - Starscream

SPEC CHECKSUMS:
  InputBarAccessoryView: 7985d418040a05fe894bd4b8328dd43ab35517c3
  Kingfisher: d2279a7abece3c7f25a80cd2b7f363ca5cf3f44c
  MessageKit: 3beb578737a5aa2bba25cc27c7b6d6faa09af5a7
  Starscream: ef06f0961fff0880bca0604416d61141e4faca67

PODFILE CHECKSUM: 16e5b580fc9f39cb33fef3f24ea47a8b22c1fc6d

COCOAPODS: 1.9.1
